
Microsoft Visual Studio Solution File, Format Version 12.00
# Visual Studio 15
VisualStudioVersion = 15.0.27703.2042
MinimumVisualStudioVersion = 10.0.40219.1
Project("{FAE04EC0-301F-11D3-BF4B-00C04F79EFBC}") = "TutorialEcommerce.Web", "TutorialEcommerce.Web\TutorialEcommerce.Web.csproj", "{66F3AEED-3D67-42F5-BB5F-CB000981CF12}"
EndProject
Project("{FAE04EC0-301F-11D3-BF4B-00C04F79EFBC}") = "TutorialEcommerce.Web.Tests", "TutorialEcommerce.Web.Tests\TutorialEcommerce.Web.Tests.csproj", "{4173E597-3106-4718-A760-BBECF91C9ABB}"
EndProject
Project("{2150E333-8FDC-42A3-9474-1A3956D46DE8}") = "UI", "UI", "{AA1EB4FF-A182-413B-9217-C8556F7E43DC}"
EndProject
Project("{2150E333-8FDC-42A3-9474-1A3956D46DE8}") = "Domain", "Domain", "{A9BD3BB5-92AD-40A2-BEA8-84BD270EB376}"
EndProject
Project("{FAE04EC0-301F-11D3-BF4B-00C04F79EFBC}") = "TutorialEcommerce.Domain", "TutorialEcommerce.Domain\TutorialEcommerce.Domain.csproj", "{12C384B0-5C48-4526-B8FC-B0F6203FC821}"
EndProject
Project("{FAE04EC0-301F-11D3-BF4B-00C04F79EFBC}") = "TutorialEcommerce.Domain.Tests", "TutorialEcommerce.Domain.Tests\TutorialEcommerce.Domain.Tests.csproj", "{0232161E-65DB-47D5-905C-2B82AF1640BE}"
EndProject
Project("{2150E333-8FDC-42A3-9474-1A3956D46DE8}") = "Repositories", "Repositories", "{1D8704F5-478A-47F9-9669-CCD28081ECED}"
EndProject
Project("{FAE04EC0-301F-11D3-BF4B-00C04F79EFBC}") = "TutorialEcommerce.Repositories", "TutorialEcommerce.Repositories\TutorialEcommerce.Repositories.csproj", "{234B2EF0-A204-494F-B0C1-4C3E6E1B5CAF}"
EndProject
Project("{FAE04EC0-301F-11D3-BF4B-00C04F79EFBC}") = "TutorialEcommerce.Repositories.Tests", "TutorialEcommerce.Repositories.Tests\TutorialEcommerce.Repositories.Tests.csproj", "{64121F66-5B00-41C5-8267-EE2279146784}"
EndProject
Project("{2150E333-8FDC-42A3-9474-1A3956D46DE8}") = "App", "App", "{AE6FE0BC-3540-4032-BDDB-C26A46642090}"
EndProject
Project("{FAE04EC0-301F-11D3-BF4B-00C04F79EFBC}") = "TutorialEcommerce.App", "TutorialEcommerce.App\TutorialEcommerce.App.csproj", "{1694DC3E-0E14-4B0B-8A2D-67474E75F4A6}"
EndProject
Project("{FAE04EC0-301F-11D3-BF4B-00C04F79EFBC}") = "TutorialEcommerce.App.Tests", "TutorialEcommerce.App.Tests\TutorialEcommerce.App.Tests.csproj", "{FF999CFB-9B8C-4E0A-90C7-C03063128670}"
EndProject
Project("{2150E333-8FDC-42A3-9474-1A3956D46DE8}") = "Helpers", "Helpers", "{ADE96E25-03F3-4057-A1ED-38C414B62BBE}"
EndProject
Project("{FAE04EC0-301F-11D3-BF4B-00C04F79EFBC}") = "TutorialEcommerce.Helpers", "TutorialEcommerce.Helpers\TutorialEcommerce.Helpers.csproj", "{24706010-E47B-430B-BADF-7CB225E21C8B}"
EndProject
Project("{FAE04EC0-301F-11D3-BF4B-00C04F79EFBC}") = "TutorialEcommerce.Helpers.Tests", "TutorialEcommerce.Helpers.Tests\TutorialEcommerce.Helpers.Tests.csproj", "{FBEB478D-083B-44D3-BD19-39C0E0574AD7}"
EndProject
Project("{2150E333-8FDC-42A3-9474-1A3956D46DE8}") = "StartUp", "StartUp", "{1FBEFD8C-3A37-4B7A-A157-37B20D48FC6F}"
EndProject
Project("{FAE04EC0-301F-11D3-BF4B-00C04F79EFBC}") = "TutorialEcommerce.StartUp", "TutorialEcommerce.StartUp\TutorialEcommerce.StartUp.csproj", "{891E70C6-CC67-4720-89EF-D837378E1CA6}"
EndProject
Project("{FAE04EC0-301F-11D3-BF4B-00C04F79EFBC}") = "TutorialEcommerce.StartUp.Tests", "TutorialEcommerce.StartUp.Tests\TutorialEcommerce.StartUp.Tests.csproj", "{019547E2-E5BE-4042-985A-3BAF00680DE6}"
EndProject
Global
	GlobalSection(SolutionConfigurationPlatforms) = preSolution
		Debug|Any CPU = Debug|Any CPU
		Release|Any CPU = Release|Any CPU
	EndGlobalSection
	GlobalSection(ProjectConfigurationPlatforms) = postSolution
		{66F3AEED-3D67-42F5-BB5F-CB000981CF12}.Debug|Any CPU.ActiveCfg = Debug|Any CPU
		{66F3AEED-3D67-42F5-BB5F-CB000981CF12}.Debug|Any CPU.Build.0 = Debug|Any CPU
		{66F3AEED-3D67-42F5-BB5F-CB000981CF12}.Release|Any CPU.ActiveCfg = Release|Any CPU
		{66F3AEED-3D67-42F5-BB5F-CB000981CF12}.Release|Any CPU.Build.0 = Release|Any CPU
		{4173E597-3106-4718-A760-BBECF91C9ABB}.Debug|Any CPU.ActiveCfg = Debug|Any CPU
		{4173E597-3106-4718-A760-BBECF91C9ABB}.Debug|Any CPU.Build.0 = Debug|Any CPU
		{4173E597-3106-4718-A760-BBECF91C9ABB}.Release|Any CPU.ActiveCfg = Release|Any CPU
		{4173E597-3106-4718-A760-BBECF91C9ABB}.Release|Any CPU.Build.0 = Release|Any CPU
		{12C384B0-5C48-4526-B8FC-B0F6203FC821}.Debug|Any CPU.ActiveCfg = Debug|Any CPU
		{12C384B0-5C48-4526-B8FC-B0F6203FC821}.Debug|Any CPU.Build.0 = Debug|Any CPU
		{12C384B0-5C48-4526-B8FC-B0F6203FC821}.Release|Any CPU.ActiveCfg = Release|Any CPU
		{12C384B0-5C48-4526-B8FC-B0F6203FC821}.Release|Any CPU.Build.0 = Release|Any CPU
		{0232161E-65DB-47D5-905C-2B82AF1640BE}.Debug|Any CPU.ActiveCfg = Debug|Any CPU
		{0232161E-65DB-47D5-905C-2B82AF1640BE}.Debug|Any CPU.Build.0 = Debug|Any CPU
		{0232161E-65DB-47D5-905C-2B82AF1640BE}.Release|Any CPU.ActiveCfg = Release|Any CPU
		{0232161E-65DB-47D5-905C-2B82AF1640BE}.Release|Any CPU.Build.0 = Release|Any CPU
		{234B2EF0-A204-494F-B0C1-4C3E6E1B5CAF}.Debug|Any CPU.ActiveCfg = Debug|Any CPU
		{234B2EF0-A204-494F-B0C1-4C3E6E1B5CAF}.Debug|Any CPU.Build.0 = Debug|Any CPU
		{234B2EF0-A204-494F-B0C1-4C3E6E1B5CAF}.Release|Any CPU.ActiveCfg = Release|Any CPU
		{234B2EF0-A204-494F-B0C1-4C3E6E1B5CAF}.Release|Any CPU.Build.0 = Release|Any CPU
		{64121F66-5B00-41C5-8267-EE2279146784}.Debug|Any CPU.ActiveCfg = Debug|Any CPU
		{64121F66-5B00-41C5-8267-EE2279146784}.Debug|Any CPU.Build.0 = Debug|Any CPU
		{64121F66-5B00-41C5-8267-EE2279146784}.Release|Any CPU.ActiveCfg = Release|Any CPU
		{64121F66-5B00-41C5-8267-EE2279146784}.Release|Any CPU.Build.0 = Release|Any CPU
		{1694DC3E-0E14-4B0B-8A2D-67474E75F4A6}.Debug|Any CPU.ActiveCfg = Debug|Any CPU
		{1694DC3E-0E14-4B0B-8A2D-67474E75F4A6}.Debug|Any CPU.Build.0 = Debug|Any CPU
		{1694DC3E-0E14-4B0B-8A2D-67474E75F4A6}.Release|Any CPU.ActiveCfg = Release|Any CPU
		{1694DC3E-0E14-4B0B-8A2D-67474E75F4A6}.Release|Any CPU.Build.0 = Release|Any CPU
		{FF999CFB-9B8C-4E0A-90C7-C03063128670}.Debug|Any CPU.ActiveCfg = Debug|Any CPU
		{FF999CFB-9B8C-4E0A-90C7-C03063128670}.Debug|Any CPU.Build.0 = Debug|Any CPU
		{FF999CFB-9B8C-4E0A-90C7-C03063128670}.Release|Any CPU.ActiveCfg = Release|Any CPU
		{FF999CFB-9B8C-4E0A-90C7-C03063128670}.Release|Any CPU.Build.0 = Release|Any CPU
		{24706010-E47B-430B-BADF-7CB225E21C8B}.Debug|Any CPU.ActiveCfg = Debug|Any CPU
		{24706010-E47B-430B-BADF-7CB225E21C8B}.Debug|Any CPU.Build.0 = Debug|Any CPU
		{24706010-E47B-430B-BADF-7CB225E21C8B}.Release|Any CPU.ActiveCfg = Release|Any CPU
		{24706010-E47B-430B-BADF-7CB225E21C8B}.Release|Any CPU.Build.0 = Release|Any CPU
		{FBEB478D-083B-44D3-BD19-39C0E0574AD7}.Debug|Any CPU.ActiveCfg = Debug|Any CPU
		{FBEB478D-083B-44D3-BD19-39C0E0574AD7}.Debug|Any CPU.Build.0 = Debug|Any CPU
		{FBEB478D-083B-44D3-BD19-39C0E0574AD7}.Release|Any CPU.ActiveCfg = Release|Any CPU
		{FBEB478D-083B-44D3-BD19-39C0E0574AD7}.Release|Any CPU.Build.0 = Release|Any CPU
		{891E70C6-CC67-4720-89EF-D837378E1CA6}.Debug|Any CPU.ActiveCfg = Debug|Any CPU
		{891E70C6-CC67-4720-89EF-D837378E1CA6}.Debug|Any CPU.Build.0 = Debug|Any CPU
		{891E70C6-CC67-4720-89EF-D837378E1CA6}.Release|Any CPU.ActiveCfg = Release|Any CPU
		{891E70C6-CC67-4720-89EF-D837378E1CA6}.Release|Any CPU.Build.0 = Release|Any CPU
		{019547E2-E5BE-4042-985A-3BAF00680DE6}.Debug|Any CPU.ActiveCfg = Debug|Any CPU
		{019547E2-E5BE-4042-985A-3BAF00680DE6}.Debug|Any CPU.Build.0 = Debug|Any CPU
		{019547E2-E5BE-4042-985A-3BAF00680DE6}.Release|Any CPU.ActiveCfg = Release|Any CPU
		{019547E2-E5BE-4042-985A-3BAF00680DE6}.Release|Any CPU.Build.0 = Release|Any CPU
	EndGlobalSection
	GlobalSection(SolutionProperties) = preSolution
		HideSolutionNode = FALSE
	EndGlobalSection
	GlobalSection(NestedProjects) = preSolution
		{66F3AEED-3D67-42F5-BB5F-CB000981CF12} = {AA1EB4FF-A182-413B-9217-C8556F7E43DC}
		{4173E597-3106-4718-A760-BBECF91C9ABB} = {AA1EB4FF-A182-413B-9217-C8556F7E43DC}
		{12C384B0-5C48-4526-B8FC-B0F6203FC821} = {A9BD3BB5-92AD-40A2-BEA8-84BD270EB376}
		{0232161E-65DB-47D5-905C-2B82AF1640BE} = {A9BD3BB5-92AD-40A2-BEA8-84BD270EB376}
		{234B2EF0-A204-494F-B0C1-4C3E6E1B5CAF} = {1D8704F5-478A-47F9-9669-CCD28081ECED}
		{64121F66-5B00-41C5-8267-EE2279146784} = {1D8704F5-478A-47F9-9669-CCD28081ECED}
		{1694DC3E-0E14-4B0B-8A2D-67474E75F4A6} = {AE6FE0BC-3540-4032-BDDB-C26A46642090}
		{FF999CFB-9B8C-4E0A-90C7-C03063128670} = {AE6FE0BC-3540-4032-BDDB-C26A46642090}
		{24706010-E47B-430B-BADF-7CB225E21C8B} = {ADE96E25-03F3-4057-A1ED-38C414B62BBE}
		{FBEB478D-083B-44D3-BD19-39C0E0574AD7} = {ADE96E25-03F3-4057-A1ED-38C414B62BBE}
		{891E70C6-CC67-4720-89EF-D837378E1CA6} = {1FBEFD8C-3A37-4B7A-A157-37B20D48FC6F}
		{019547E2-E5BE-4042-985A-3BAF00680DE6} = {1FBEFD8C-3A37-4B7A-A157-37B20D48FC6F}
	EndGlobalSection
	GlobalSection(ExtensibilityGlobals) = postSolution
		SolutionGuid = {1D658421-F994-4C00-88D5-064624A6BF40}
	EndGlobalSection
EndGlobal
